
Microsoft Visual Studio Solution File, Format Version 12.00
# Visual Studio Version 17
VisualStudioVersion = 17.5.002.0
MinimumVisualStudioVersion = 10.0.40219.1
Project("{9A19103F-16F7-4668-BE54-9A1E7A4F7556}") = "googlemaps", "googlemaps.csproj", "{18A90661-32D1-4BBB-81F2-AEF2DFDABD47}"
EndProject
Global
	GlobalSection(SolutionConfigurationPlatforms) = preSolution
		Debug|Any CPU = Debug|Any CPU
		Release|Any CPU = Release|Any CPU
	EndGlobalSection
	GlobalSection(ProjectConfigurationPlatforms) = postSolution
		{18A90661-32D1-4BBB-81F2-AEF2DFDABD47}.Debug|Any CPU.ActiveCfg = Debug|Any CPU
		{18A90661-32D1-4BBB-81F2-AEF2DFDABD47}.Debug|Any CPU.Build.0 = Debug|Any CPU
		{18A90661-32D1-4BBB-81F2-AEF2DFDABD47}.Release|Any CPU.ActiveCfg = Release|Any CPU
		{18A90661-32D1-4BBB-81F2-AEF2DFDABD47}.Release|Any CPU.Build.0 = Release|Any CPU
	EndGlobalSection
	GlobalSection(SolutionProperties) = preSolution
		HideSolutionNode = FALSE
	EndGlobalSection
	GlobalSection(ExtensibilityGlobals) = postSolution
		SolutionGuid = {8DDA1225-4237-424D-892C-4D81C13B1A1E}
	EndGlobalSection
EndGlobal
